// !$*UTF8*$!
{
	archiveVersion = 1;
	classes = {
	};
	objectVersion = 46;
	objects = {

/* Begin PBXBuildFile section */
		4C0778C71F3C000A007D6F93 /* AppDelegate.swift in Sources */ = {isa = PBXBuildFile; fileRef = 4C0778C61F3C000A007D6F93 /* AppDelegate.swift */; };
		4C0778C91F3C000A007D6F93 /* ViewController.swift in Sources */ = {isa = PBXBuildFile; fileRef = 4C0778C81F3C000A007D6F93 /* ViewController.swift */; };
		4C0778CC1F3C000A007D6F93 /* Main.storyboard in Resources */ = {isa = PBXBuildFile; fileRef = 4C0778CA1F3C000A007D6F93 /* Main.storyboard */; };
		4C0778CE1F3C000A007D6F93 /* Assets.xcassets in Resources */ = {isa = PBXBuildFile; fileRef = 4C0778CD1F3C000A007D6F93 /* Assets.xcassets */; };
		4C0778D11F3C000A007D6F93 /* LaunchScreen.storyboard in Resources */ = {isa = PBXBuildFile; fileRef = 4C0778CF1F3C000A007D6F93 /* LaunchScreen.storyboard */; };
		4C0778DC1F3C000A007D6F93 /* MyFirst_appTests.swift in Sources */ = {isa = PBXBuildFile; fileRef = 4C0778DB1F3C000A007D6F93 /* MyFirst_appTests.swift */; };
		4C0778E71F3C000A007D6F93 /* MyFirst_appUITests.swift in Sources */ = {isa = PBXBuildFile; fileRef = 4C0778E61F3C000A007D6F93 /* MyFirst_appUITests.swift */; };
/* End PBXBuildFile section */

/* Begin PBXContainerItemProxy section */
		4C0778D81F3C000A007D6F93 /* PBXContainerItemProxy */ = {
			isa = PBXContainerItemProxy;
			containerPortal = 4C0778BB1F3C0009007D6F93 /* Project object */;
			proxyType = 1;
			remoteGlobalIDString = 4C0778C21F3C0009007D6F93;
			remoteInfo = MyFirst_app;
		};
		4C0778E31F3C000A007D6F93 /* PBXContainerItemProxy */ = {
			isa = PBXContainerItemProxy;
			containerPortal = 4C0778BB1F3C0009007D6F93 /* Project object */;
			proxyType = 1;
			remoteGlobalIDString = 4C0778C21F3C0009007D6F93;
			remoteInfo = MyFirst_app;
		};
/* End PBXContainerItemProxy section */

/* Begin PBXFileReference section */
		4C0778C31F3C000A007D6F93 /* MyFirst_app.app */ = {isa = PBXFileReference; explicitFileType = wrapper.application; includeInIndex = 0; path = MyFirst_app.app; sourceTree = BUILT_PRODUCTS_DIR; };
		4C0778C61F3C000A007D6F93 /* AppDelegate.swift */ = {isa = PBXFileReference; lastKnownFileType = sourcecode.swift; path = AppDelegate.swift; sourceTree = "<group>"; };
		4C0778C81F3C000A007D6F93 /* ViewController.swift */ = {isa = PBXFileReference; lastKnownFileType = sourcecode.swift; path = ViewController.swift; sourceTree = "<group>"; };
		4C0778CB1F3C000A007D6F93 /* Base */ = {isa = PBXFileReference; lastKnownFileType = file.storyboard; name = Base; path = Base.lproj/Main.storyboard; sourceTree = "<group>"; };
		4C0778CD1F3C000A007D6F93 /* Assets.xcassets */ = {isa = PBXFileReference; lastKnownFileType = folder.assetcatalog; path = Assets.xcassets; sourceTree = "<group>"; };
		4C0778D01F3C000A007D6F93 /* Base */ = {isa = PBXFileReference; lastKnownFileType = file.storyboard; name = Base; path = Base.lproj/LaunchScreen.storyboard; sourceTree = "<group>"; };
		4C0778D21F3C000A007D6F93 /* Info.plist */ = {isa = PBXFileReference; lastKnownFileType = text.plist.xml; path = Info.plist; sourceTree = "<group>"; };
		4C0778D71F3C000A007D6F93 /* MyFirst_appTests.xctest */ = {isa = PBXFileReference; explicitFileType = wrapper.cfbundle; includeInIndex = 0; path = MyFirst_appTests.xctest; sourceTree = BUILT_PRODUCTS_DIR; };
		4C0778DB1F3C000A007D6F93 /* MyFirst_appTests.swift */ = {isa = PBXFileReference; lastKnownFileType = sourcecode.swift; path = MyFirst_appTests.swift; sourceTree = "<group>"; };
		4C0778DD1F3C000A007D6F93 /* Info.plist */ = {isa = PBXFileReference; lastKnownFileType = text.plist.xml; path = Info.plist; sourceTree = "<group>"; };
		4C0778E21F3C000A007D6F93 /* MyFirst_appUITests.xctest */ = {isa = PBXFileReference; explicitFileType = wrapper.cfbundle; includeInIndex = 0; path = MyFirst_appUITests.xctest; sourceTree = BUILT_PRODUCTS_DIR; };
		4C0778E61F3C000A007D6F93 /* MyFirst_appUITests.swift */ = {isa = PBXFileReference; lastKnownFileType = sourcecode.swift; path = MyFirst_appUITests.swift; sourceTree = "<group>"; };
		4C0778E81F3C000A007D6F93 /* Info.plist */ = {isa = PBXFileReference; lastKnownFileType = text.plist.xml; path = Info.plist; sourceTree = "<group>"; };
/* End PBXFileReference section */

/* Begin PBXFrameworksBuildPhase section */
		4C0778C01F3C0009007D6F93 /* Frameworks */ = {
			isa = PBXFrameworksBuildPhase;
			buildActionMask = 2147483647;
			files = (
			);
			runOnlyForDeploymentPostprocessing = 0;
		};
		4C0778D41F3C000A007D6F93 /* Frameworks */ = {
			isa = PBXFrameworksBuildPhase;
			buildActionMask = 2147483647;
			files = (
			);
			runOnlyForDeploymentPostprocessing = 0;
		};
		4C0778DF1F3C000A007D6F93 /* Frameworks */ = {
			isa = PBXFrameworksBuildPhase;
			buildActionMask = 2147483647;
			files = (
			);
			runOnlyForDeploymentPostprocessing = 0;
		};
/* End PBXFrameworksBuildPhase section */

/* Begin PBXGroup section */
		4C0778BA1F3C0009007D6F93 = {
			isa = PBXGroup;
			children = (
				4C0778C51F3C000A007D6F93 /* MyFirst_app */,
				4C0778DA1F3C000A007D6F93 /* MyFirst_appTests */,
				4C0778E51F3C000A007D6F93 /* MyFirst_appUITests */,
				4C0778C41F3C000A007D6F93 /* Products */,
			);
			sourceTree = "<group>";
		};
		4C0778C41F3C000A007D6F93 /* Products */ = {
			isa = PBXGroup;
			children = (
				4C0778C31F3C000A007D6F93 /* MyFirst_app.app */,
				4C0778D71F3C000A007D6F93 /* MyFirst_appTests.xctest */,
				4C0778E21F3C000A007D6F93 /* MyFirst_appUITests.xctest */,
			);
			name = Products;
			sourceTree = "<group>";
		};
		4C0778C51F3C000A007D6F93 /* MyFirst_app */ = {
			isa = PBXGroup;
			children = (
				4C0778C61F3C000A007D6F93 /* AppDelegate.swift */,
				4C0778C81F3C000A007D6F93 /* ViewController.swift */,
				4C0778CA1F3C000A007D6F93 /* Main.storyboard */,
				4C0778CD1F3C000A007D6F93 /* Assets.xcassets */,
				4C0778CF1F3C000A007D6F93 /* LaunchScreen.storyboard */,
				4C0778D21F3C000A007D6F93 /* Info.plist */,
			);
			path = MyFirst_app;
			sourceTree = "<group>";
		};
		4C0778DA1F3C000A007D6F93 /* MyFirst_appTests */ = {
			isa = PBXGroup;
			children = (
				4C0778DB1F3C000A007D6F93 /* MyFirst_appTests.swift */,
				4C0778DD1F3C000A007D6F93 /* Info.plist */,
			);
			path = MyFirst_appTests;
			sourceTree = "<group>";
		};
		4C0778E51F3C000A007D6F93 /* MyFirst_appUITests */ = {
			isa = PBXGroup;
			children = (
				4C0778E61F3C000A007D6F93 /* MyFirst_appUITests.swift */,
				4C0778E81F3C000A007D6F93 /* Info.plist */,
			);
			path = MyFirst_appUITests;
			sourceTree = "<group>";
		};
/* End PBXGroup section */

/* Begin PBXNativeTarget section */
		4C0778C21F3C0009007D6F93 /* MyFirst_app */ = {
			isa = PBXNativeTarget;
			buildConfigurationList = 4C0778EB1F3C000A007D6F93 /* Build configuration list for PBXNativeTarget "MyFirst_app" */;
			buildPhases = (
				4C0778BF1F3C0009007D6F93 /* Sources */,
				4C0778C01F3C0009007D6F93 /* Frameworks */,
				4C0778C11F3C0009007D6F93 /* Resources */,
			);
			buildRules = (
			);
			dependencies = (
			);
			name = MyFirst_app;
			productName = MyFirst_app;
			productReference = 4C0778C31F3C000A007D6F93 /* MyFirst_app.app */;
			productType = "com.apple.product-type.application";
		};
		4C0778D61F3C000A007D6F93 /* MyFirst_appTests */ = {
			isa = PBXNativeTarget;
			buildConfigurationList = 4C0778EE1F3C000A007D6F93 /* Build configuration list for PBXNativeTarget "MyFirst_appTests" */;
			buildPhases = (
				4C0778D31F3C000A007D6F93 /* Sources */,
				4C0778D41F3C000A007D6F93 /* Frameworks */,
				4C0778D51F3C000A007D6F93 /* Resources */,
			);
			buildRules = (
			);
			dependencies = (
				4C0778D91F3C000A007D6F93 /* PBXTargetDependency */,
			);
			name = MyFirst_appTests;
			productName = MyFirst_appTests;
			productReference = 4C0778D71F3C000A007D6F93 /* MyFirst_appTests.xctest */;
			productType = "com.apple.product-type.bundle.unit-test";
		};
		4C0778E11F3C000A007D6F93 /* MyFirst_appUITests */ = {
			isa = PBXNativeTarget;
			buildConfigurationList = 4C0778F11F3C000A007D6F93 /* Build configuration list for PBXNativeTarget "MyFirst_appUITests" */;
			buildPhases = (
				4C0778DE1F3C000A007D6F93 /* Sources */,
				4C0778DF1F3C000A007D6F93 /* Frameworks */,
				4C0778E01F3C000A007D6F93 /* Resources */,
			);
			buildRules = (
			);
			dependencies = (
				4C0778E41F3C000A007D6F93 /* PBXTargetDependency */,
			);
			name = MyFirst_appUITests;
			productName = MyFirst_appUITests;
			productReference = 4C0778E21F3C000A007D6F93 /* MyFirst_appUITests.xctest */;
			productType = "com.apple.product-type.bundle.ui-testing";
		};
/* End PBXNativeTarget section */

/* Begin PBXProject section */
		4C0778BB1F3C0009007D6F93 /* Project object */ = {
			isa = PBXProject;
			attributes = {
				LastSwiftUpdateCheck = 0820;
				LastUpgradeCheck = 0820;
				ORGANIZATIONNAME = Luis;
				TargetAttributes = {
					4C0778C21F3C0009007D6F93 = {
						CreatedOnToolsVersion = 8.2.1;
						DevelopmentTeam = PKAV6P72SC;
						ProvisioningStyle = Automatic;
					};
					4C0778D61F3C000A007D6F93 = {
						CreatedOnToolsVersion = 8.2.1;
						DevelopmentTeam = PKAV6P72SC;
						ProvisioningStyle = Automatic;
						TestTargetID = 4C0778C21F3C0009007D6F93;
					};
					4C0778E11F3C000A007D6F93 = {
						CreatedOnToolsVersion = 8.2.1;
						DevelopmentTeam = PKAV6P72SC;
						ProvisioningStyle = Automatic;
						TestTargetID = 4C0778C21F3C0009007D6F93;
					};
				};
			};
			buildConfigurationList = 4C0778BE1F3C0009007D6F93 /* Build configuration list for PBXProject "MyFirst_app" */;
			compatibilityVersion = "Xcode 3.2";
			developmentRegion = English;
			hasScannedForEncodings = 0;
			knownRegions = (
				en,
				Base,
			);
			mainGroup = 4C0778BA1F3C0009007D6F93;
			productRefGroup = 4C0778C41F3C000A007D6F93 /* Products */;
			projectDirPath = "";
			projectRoot = "";
			targets = (
				4C0778C21F3C0009007D6F93 /* MyFirst_app */,
				4C0778D61F3C000A007D6F93 /* MyFirst_appTests */,
				4C0778E11F3C000A007D6F93 /* MyFirst_appUITests */,
			);
		};
/* End PBXProject section */

/* Begin PBXResourcesBuildPhase section */
		4C0778C11F3C0009007D6F93 /* Resources */ = {
			isa = PBXResourcesBuildPhase;
			buildActionMask = 2147483647;
			files = (
				4C0778D11F3C000A007D6F93 /* LaunchScreen.storyboard in Resources */,
				4C0778CE1F3C000A007D6F93 /* Assets.xcassets in Resources */,
				4C0778CC1F3C000A007D6F93 /* Main.storyboard in Resources */,
			);
			runOnlyForDeploymentPostprocessing = 0;
		};
		4C0778D51F3C000A007D6F93 /* Resources */ = {
			isa = PBXResourcesBuildPhase;
			buildActionMask = 2147483647;
			files = (
			);
			runOnlyForDeploymentPostprocessing = 0;
		};
		4C0778E01F3C000A007D6F93 /* Resources */ = {
			isa = PBXResourcesBuildPhase;
			buildActionMask = 2147483647;
			files = (
			);
			runOnlyForDeploymentPostprocessing = 0;
		};
/* End PBXResourcesBuildPhase section */

/* Begin PBXSourcesBuildPhase section */
		4C0778BF1F3C0009007D6F93 /* Sources */ = {
			isa = PBXSourcesBuildPhase;
			buildActionMask = 2147483647;
			files = (
				4C0778C91F3C000A007D6F93 /* ViewController.swift in Sources */,
				4C0778C71F3C000A007D6F93 /* AppDelegate.swift in Sources */,
			);
			runOnlyForDeploymentPostprocessing = 0;
		};
		4C0778D31F3C000A007D6F93 /* Sources */ = {
			isa = PBXSourcesBuildPhase;
			buildActionMask = 2147483647;
			files = (
				4C0778DC1F3C000A007D6F93 /* MyFirst_appTests.swift in Sources */,
			);
			runOnlyForDeploymentPostprocessing = 0;
		};
		4C0778DE1F3C000A007D6F93 /* Sources */ = {
			isa = PBXSourcesBuildPhase;
			buildActionMask = 2147483647;
			files = (
				4C0778E71F3C000A007D6F93 /* MyFirst_appUITests.swift in Sources */,
			);
			runOnlyForDeploymentPostprocessing = 0;
		};
/* End PBXSourcesBuildPhase section */

/* Begin PBXTargetDependency section */
		4C0778D91F3C000A007D6F93 /* PBXTargetDependency */ = {
			isa = PBXTargetDependency;
			target = 4C0778C21F3C0009007D6F93 /* MyFirst_app */;
			targetProxy = 4C0778D81F3C000A007D6F93 /* PBXContainerItemProxy */;
		};
		4C0778E41F3C000A007D6F93 /* PBXTargetDependency */ = {
			isa = PBXTargetDependency;
			target = 4C0778C21F3C0009007D6F93 /* MyFirst_app */;
			targetProxy = 4C0778E31F3C000A007D6F93 /* PBXContainerItemProxy */;
		};
/* End PBXTargetDependency section */

/* Begin PBXVariantGroup section */
		4C0778CA1F3C000A007D6F93 /* Main.storyboard */ = {
			isa = PBXVariantGroup;
			children = (
				4C0778CB1F3C000A007D6F93 /* Base */,
			);
			name = Main.storyboard;
			sourceTree = "<group>";
		};
		4C0778CF1F3C000A007D6F93 /* LaunchScreen.storyboard */ = {
			isa = PBXVariantGroup;
			children = (
				4C0778D01F3C000A007D6F93 /* Base */,
			);
			name = LaunchScreen.storyboard;
			sourceTree = "<group>";
		};
/* End PBXVariantGroup section */

/* Begin XCBuildConfiguration section */
		4C0778E91F3C000A007D6F93 /* Debug */ = {
			isa = XCBuildConfiguration;
			buildSettings = {
				ALWAYS_SEARCH_USER_PATHS = NO;
				CLANG_ANALYZER_NONNULL = YES;
				CLANG_CXX_LANGUAGE_STANDARD = "gnu++0x";
				CLANG_CXX_LIBRARY = "libc++";
				CLANG_ENABLE_MODULES = YES;
				CLANG_ENABLE_OBJC_ARC = YES;
				CLANG_WARN_BOOL_CONVERSION = YES;
				CLANG_WARN_CONSTANT_CONVERSION = YES;
				CLANG_WARN_DIRECT_OBJC_ISA_USAGE = YES_ERROR;
				CLANG_WARN_DOCUMENTATION_COMMENTS = YES;
				CLANG_WARN_EMPTY_BODY = YES;
				CLANG_WARN_ENUM_CONVERSION = YES;
				CLANG_WARN_INFINITE_RECURSION = YES;
				CLANG_WARN_INT_CONVERSION = YES;
				CLANG_WARN_OBJC_ROOT_CLASS = YES_ERROR;
				CLANG_WARN_SUSPICIOUS_MOVE = YES;
				CLANG_WARN_UNREACHABLE_CODE = YES;
				CLANG_WARN__DUPLICATE_METHOD_MATCH = YES;
				"CODE_SIGN_IDENTITY[sdk=iphoneos*]" = "iPhone Developer";
				COPY_PHASE_STRIP = NO;
				DEBUG_INFORMATION_FORMAT = dwarf;
				ENABLE_STRICT_OBJC_MSGSEND = YES;
				ENABLE_TESTABILITY = YES;
				GCC_C_LANGUAGE_STANDARD = gnu99;
				GCC_DYNAMIC_NO_PIC = NO;
				GCC_NO_COMMON_BLOCKS = YES;
				GCC_OPTIMIZATION_LEVEL = 0;
				GCC_PREPROCESSOR_DEFINITIONS = (
					"DEBUG=1",
					"$(inherited)",
				);
				GCC_WARN_64_TO_32_BIT_CONVERSION = YES;
				GCC_WARN_ABOUT_RETURN_TYPE = YES_ERROR;
				GCC_WARN_UNDECLARED_SELECTOR = YES;
				GCC_WARN_UNINITIALIZED_AUTOS = YES_AGGRESSIVE;
				GCC_WARN_UNUSED_FUNCTION = YES;
				GCC_WARN_UNUSED_VARIABLE = YES;
				IPHONEOS_DEPLOYMENT_TARGET = 10.2;
				MTL_ENABLE_DEBUG_INFO = YES;
				ONLY_ACTIVE_ARCH = YES;
				SDKROOT = iphoneos;
				SWIFT_ACTIVE_COMPILATION_CONDITIONS = DEBUG;
				SWIFT_OPTIMIZATION_LEVEL = "-Onone";
				TARGETED_DEVICE_FAMILY = "1,2";
			};
			name = Debug;
		};
		4C0778EA1F3C000A007D6F93 /* Release */ = {
			isa = XCBuildConfiguration;
			buildSettings = {
				ALWAYS_SEARCH_USER_PATHS = NO;
				CLANG_ANALYZER_NONNULL = YES;
				CLANG_CXX_LANGUAGE_STANDARD = "gnu++0x";
				CLANG_CXX_LIBRARY = "libc++";
				CLANG_ENABLE_MODULES = YES;
				CLANG_ENABLE_OBJC_ARC = YES;
				CLANG_WARN_BOOL_CONVERSION = YES;
				CLANG_WARN_CONSTANT_CONVERSION = YES;
				CLANG_WARN_DIRECT_OBJC_ISA_USAGE = YES_ERROR;
				CLANG_WARN_DOCUMENTATION_COMMENTS = YES;
				CLANG_WARN_EMPTY_BODY = YES;
				CLANG_WARN_ENUM_CONVERSION = YES;
				CLANG_WARN_INFINITE_RECURSION = YES;
				CLANG_WARN_INT_CONVERSION = YES;
				CLANG_WARN_OBJC_ROOT_CLASS = YES_ERROR;
				CLANG_WARN_SUSPICIOUS_MOVE = YES;
				CLANG_WARN_UNREACHABLE_CODE = YES;
				CLANG_WARN__DUPLICATE_METHOD_MATCH = YES;
				"CODE_SIGN_IDENTITY[sdk=iphoneos*]" = "iPhone Developer";
				COPY_PHASE_STRIP = NO;
				DEBUG_INFORMATION_FORMAT = "dwarf-with-dsym";
				ENABLE_NS_ASSERTIONS = NO;
				ENABLE_STRICT_OBJC_MSGSEND = YES;
				GCC_C_LANGUAGE_STANDARD = gnu99;
				GCC_NO_COMMON_BLOCKS = YES;
				GCC_WARN_64_TO_32_BIT_CONVERSION = YES;
				GCC_WARN_ABOUT_RETURN_TYPE = YES_ERROR;
				GCC_WARN_UNDECLARED_SELECTOR = YES;
				GCC_WARN_UNINITIALIZED_AUTOS = YES_AGGRESSIVE;
				GCC_WARN_UNUSED_FUNCTION = YES;
				GCC_WARN_UNUSED_VARIABLE = YES;
				IPHONEOS_DEPLOYMENT_TARGET = 10.2;
				MTL_ENABLE_DEBUG_INFO = NO;
				SDKROOT = iphoneos;
				SWIFT_OPTIMIZATION_LEVEL = "-Owholemodule";
				TARGETED_DEVICE_FAMILY = "1,2";
				VALIDATE_PRODUCT = YES;
			};
			name = Release;
		};
		4C0778EC1F3C000A007D6F93 /* Debug */ = {
			isa = XCBuildConfiguration;
			buildSettings = {
				ASSETCATALOG_COMPILER_APPICON_NAME = AppIcon;
				DEVELOPMENT_TEAM = PKAV6P72SC;
				INFOPLIST_FILE = MyFirst_app/Info.plist;
				LD_RUNPATH_SEARCH_PATHS = "$(inherited) @executable_path/Frameworks";
				PRODUCT_BUNDLE_IDENTIFIER = "com.Armando.MyFirst-app";
				PRODUCT_NAME = "$(TARGET_NAME)";
				SWIFT_VERSION = 3.0;
			};
			name = Debug;
		};
		4C0778ED1F3C000A007D6F93 /* Release */ = {
			isa = XCBuildConfiguration;
			buildSettings = {
				ASSETCATALOG_COMPILER_APPICON_NAME = AppIcon;
				DEVELOPMENT_TEAM = PKAV6P72SC;
				INFOPLIST_FILE = MyFirst_app/Info.plist;
				LD_RUNPATH_SEARCH_PATHS = "$(inherited) @executable_path/Frameworks";
				PRODUCT_BUNDLE_IDENTIFIER = "com.Armando.MyFirst-app";
				PRODUCT_NAME = "$(TARGET_NAME)";
				SWIFT_VERSION = 3.0;
			};
			name = Release;
		};
		4C0778EF1F3C000A007D6F93 /* Debug */ = {
			isa = XCBuildConfiguration;
			buildSettings = {
				ALWAYS_EMBED_SWIFT_STANDARD_LIBRARIES = YES;
				BUNDLE_LOADER = "$(TEST_HOST)";
				DEVELOPMENT_TEAM = PKAV6P72SC;
				INFOPLIST_FILE = MyFirst_appTests/Info.plist;
				LD_RUNPATH_SEARCH_PATHS = "$(inherited) @executable_path/Frameworks @loader_path/Frameworks";
				PRODUCT_BUNDLE_IDENTIFIER = "com.Armando.MyFirst-appTests";
				PRODUCT_NAME = "$(TARGET_NAME)";
				SWIFT_VERSION = 3.0;
				TEST_HOST = "$(BUILT_PRODUCTS_DIR)/MyFirst_app.app/MyFirst_app";
			};
			name = Debug;
		};
		4C0778F01F3C000A007D6F93 /* Release */ = {
			isa = XCBuildConfiguration;
			buildSettings = {
				ALWAYS_EMBED_SWIFT_STANDARD_LIBRARIES = YES;
				BUNDLE_LOADER = "$(TEST_HOST)";
				DEVELOPMENT_TEAM = PKAV6P72SC;
				INFOPLIST_FILE = MyFirst_appTests/Info.plist;
				LD_RUNPATH_SEARCH_PATHS = "$(inherited) @executable_path/Frameworks @loader_path/Frameworks";
				PRODUCT_BUNDLE_IDENTIFIER = "com.Armando.MyFirst-appTests";
				PRODUCT_NAME = "$(TARGET_NAME)";
				SWIFT_VERSION = 3.0;
				TEST_HOST = "$(BUILT_PRODUCTS_DIR)/MyFirst_app.app/MyFirst_app";
			};
			name = Release;
		};
		4C0778F21F3C000A007D6F93 /* Debug */ = {
			isa = XCBuildConfiguration;
			buildSettings = {
				ALWAYS_EMBED_SWIFT_STANDARD_LIBRARIES = YES;
				DEVELOPMENT_TEAM = PKAV6P72SC;
				INFOPLIST_FILE = MyFirst_appUITests/Info.plist;
				LD_RUNPATH_SEARCH_PATHS = "$(inherited) @executable_path/Frameworks @loader_path/Frameworks";
				PRODUCT_BUNDLE_IDENTIFIER = "com.Armando.MyFirst-appUITests";
				PRODUCT_NAME = "$(TARGET_NAME)";
				SWIFT_VERSION = 3.0;
				TEST_TARGET_NAME = MyFirst_app;
			};
			name = Debug;
		};
		4C0778F31F3C000A007D6F93 /* Release */ = {
			isa = XCBuildConfiguration;
			buildSettings = {
				ALWAYS_EMBED_SWIFT_STANDARD_LIBRARIES = YES;
				DEVELOPMENT_TEAM = PKAV6P72SC;
				INFOPLIST_FILE = MyFirst_appUITests/Info.plist;
				LD_RUNPATH_SEARCH_PATHS = "$(inherited) @executable_path/Frameworks @loader_path/Frameworks";
				PRODUCT_BUNDLE_IDENTIFIER = "com.Armando.MyFirst-appUITests";
				PRODUCT_NAME = "$(TARGET_NAME)";
				SWIFT_VERSION = 3.0;
				TEST_TARGET_NAME = MyFirst_app;
			};
			name = Release;
		};
/* End XCBuildConfiguration section */

/* Begin XCConfigurationList section */
		4C0778BE1F3C0009007D6F93 /* Build configuration list for PBXProject "MyFirst_app" */ = {
			isa = XCConfigurationList;
			buildConfigurations = (
				4C0778E91F3C000A007D6F93 /* Debug */,
				4C0778EA1F3C000A007D6F93 /* Release */,
			);
			defaultConfigurationIsVisible = 0;
			defaultConfigurationName = Release;
		};
		4C0778EB1F3C000A007D6F93 /* Build configuration list for PBXNativeTarget "MyFirst_app" */ = {
			isa = XCConfigurationList;
			buildConfigurations = (
				4C0778EC1F3C000A007D6F93 /* Debug */,
				4C0778ED1F3C000A007D6F93 /* Release */,
			);
			defaultConfigurationIsVisible = 0;
		};
		4C0778EE1F3C000A007D6F93 /* Build configuration list for PBXNativeTarget "MyFirst_appTests" */ = {
			isa = XCConfigurationList;
			buildConfigurations = (
				4C0778EF1F3C000A007D6F93 /* Debug */,
				4C0778F01F3C000A007D6F93 /* Release */,
			);
			defaultConfigurationIsVisible = 0;
		};
		4C0778F11F3C000A007D6F93 /* Build configuration list for PBXNativeTarget "MyFirst_appUITests" */ = {
			isa = XCConfigurationList;
			buildConfigurations = (
				4C0778F21F3C000A007D6F93 /* Debug */,
				4C0778F31F3C000A007D6F93 /* Release */,
			);
			defaultConfigurationIsVisible = 0;
		};
/* End XCConfigurationList section */
	};
	rootObject = 4C0778BB1F3C0009007D6F93 /* Project object */;
}
